{
  "pins" : [
    {
      "identity" : "dotlottie-ios",
      "kind" : "remoteSourceControl",
      "location" : "https://github.com/LottieFiles/dotlottie-ios.git",
      "state" : {
        "revision" : "ddc69d0ae3a90894b15b5a925c73232ff1d94307",
        "version" : "0.16.9"
      }
    }
  ],
  "version" : 2
}
